
Microsoft Visual Studio Solution File, Format Version 12.00
# Visual Studio Version 17
VisualStudioVersion = 17.14.36603.0
MinimumVisualStudioVersion = 10.0.40219.1
Project("{FAE04EC0-301F-11D3-BF4B-00C04F79EFBC}") = "VNPayAPI", "VNPayAPI\VNPayAPI.csproj", "{866C5278-6766-49A5-8C7D-8B824E5A819A}"
EndProject
Project("{FAE04EC0-301F-11D3-BF4B-00C04F79EFBC}") = "vnpay", "vnpay\vnpay.csproj", "{0E9F9D7D-9544-44D1-BB9A-9FA519260655}"
EndProject
Global
	GlobalSection(SolutionConfigurationPlatforms) = preSolution
		Debug|Any CPU = Debug|Any CPU
		Release|Any CPU = Release|Any CPU
	EndGlobalSection
	GlobalSection(ProjectConfigurationPlatforms) = postSolution
		{866C5278-6766-49A5-8C7D-8B824E5A819A}.Debug|Any CPU.ActiveCfg = Debug|Any CPU
		{866C5278-6766-49A5-8C7D-8B824E5A819A}.Debug|Any CPU.Build.0 = Debug|Any CPU
		{866C5278-6766-49A5-8C7D-8B824E5A819A}.Release|Any CPU.ActiveCfg = Release|Any CPU
		{866C5278-6766-49A5-8C7D-8B824E5A819A}.Release|Any CPU.Build.0 = Release|Any CPU
		{0E9F9D7D-9544-44D1-BB9A-9FA519260655}.Debug|Any CPU.ActiveCfg = Debug|Any CPU
		{0E9F9D7D-9544-44D1-BB9A-9FA519260655}.Debug|Any CPU.Build.0 = Debug|Any CPU
		{0E9F9D7D-9544-44D1-BB9A-9FA519260655}.Release|Any CPU.ActiveCfg = Release|Any CPU
		{0E9F9D7D-9544-44D1-BB9A-9FA519260655}.Release|Any CPU.Build.0 = Release|Any CPU
	EndGlobalSection
	GlobalSection(SolutionProperties) = preSolution
		HideSolutionNode = FALSE
	EndGlobalSection
	GlobalSection(ExtensibilityGlobals) = postSolution
		SolutionGuid = {A79B68C4-534D-41C3-832F-5E03590E9987}
	EndGlobalSection
EndGlobal
